{
  "name": "msal-angularjs",
  "version": "0.1.1",
  "lockfileVersion": 1,
  "requires": true,
  "dependencies": {
    "@azure/msal-angularjs": {
      "version": "0.1.1",
      "resolved": "https://registry.npmjs.org/@azure/msal-angularjs/-/msal-angularjs-0.1.1.tgz",
      "integrity": "sha512-K+z/8Fwif8IQnZaM+1IMLG6NS0grCBLTN+8wZlpzkeLrMVyVgba8ZQ6sLFW3UjJdgEkv/p7FUbcy7blTc8LopA==",
      "requires": {
        "msal": "0.2.1"
      }
    },
    "msal": {
      "version": "0.2.1",
      "resolved": "https://registry.npmjs.org/msal/-/msal-0.2.1.tgz",
      "integrity": "sha512-oDWPtWTB+tmtVUOawNJS1pGKhtvy2IUrZQFGfpx53bgJvHV+AbF3718AvyRHuJZBt1egS0m4Aqk129nKAe7CUw==",
      "requires": {
        "tslib": "1.7.1"
      }
    },
    "tslib": {
      "version": "1.7.1",
      "resolved": "https://registry.npmjs.org/tslib/-/tslib-1.7.1.tgz",
      "integrity": "sha1-vIAEFkaRkjp5/oN4u+s9ogF1OOw="
    }
  }
}
